
Microsoft Visual Studio Solution File, Format Version 12.00
# Visual Studio Version 16
VisualStudioVersion = 16.0.32630.194
MinimumVisualStudioVersion = 10.0.40219.1
Project("{FAE04EC0-301F-11D3-BF4B-00C04F79EFBC}") = "PasswordGenerator", "PasswordGenerator\PasswordGenerator.csproj", "{4D7D899C-F127-4824-A065-AD5EF41D65C2}"
EndProject
Global
	GlobalSection(SolutionConfigurationPlatforms) = preSolution
		Debug|Any CPU = Debug|Any CPU
		Release|Any CPU = Release|Any CPU
	EndGlobalSection
	GlobalSection(ProjectConfigurationPlatforms) = postSolution
		{4D7D899C-F127-4824-A065-AD5EF41D65C2}.Debug|Any CPU.ActiveCfg = Debug|Any CPU
		{4D7D899C-F127-4824-A065-AD5EF41D65C2}.Debug|Any CPU.Build.0 = Debug|Any CPU
		{4D7D899C-F127-4824-A065-AD5EF41D65C2}.Release|Any CPU.ActiveCfg = Release|Any CPU
		{4D7D899C-F127-4824-A065-AD5EF41D65C2}.Release|Any CPU.Build.0 = Release|Any CPU
	EndGlobalSection
	GlobalSection(SolutionProperties) = preSolution
		HideSolutionNode = FALSE
	EndGlobalSection
	GlobalSection(ExtensibilityGlobals) = postSolution
		SolutionGuid = {67A9B33B-B2E3-4D37-942A-D38D962732EB}
	EndGlobalSection
EndGlobal
